
Microsoft Visual Studio Solution File, Format Version 12.00
# Visual Studio Version 17
VisualStudioVersion = 17.13.35919.96 d17.13
MinimumVisualStudioVersion = 10.0.40219.1
Project("{FAE04EC0-301F-11D3-BF4B-00C04F79EFBC}") = "Microsservico_OPAUA_wpf", "WindowsFormsApp1\Microsservico_OPAUA_wpf.csproj", "{9DAA0EFB-6CEF-4D8C-90D5-F6E4EC2BA357}"
EndProject
Global
	GlobalSection(SolutionConfigurationPlatforms) = preSolution
		Debug|Any CPU = Debug|Any CPU
		Release|Any CPU = Release|Any CPU
	EndGlobalSection
	GlobalSection(ProjectConfigurationPlatforms) = postSolution
		{9DAA0EFB-6CEF-4D8C-90D5-F6E4EC2BA357}.Debug|Any CPU.ActiveCfg = Debug|Any CPU
		{9DAA0EFB-6CEF-4D8C-90D5-F6E4EC2BA357}.Debug|Any CPU.Build.0 = Debug|Any CPU
		{9DAA0EFB-6CEF-4D8C-90D5-F6E4EC2BA357}.Release|Any CPU.ActiveCfg = Release|Any CPU
		{9DAA0EFB-6CEF-4D8C-90D5-F6E4EC2BA357}.Release|Any CPU.Build.0 = Release|Any CPU
	EndGlobalSection
	GlobalSection(SolutionProperties) = preSolution
		HideSolutionNode = FALSE
	EndGlobalSection
	GlobalSection(ExtensibilityGlobals) = postSolution
		SolutionGuid = {A5F1547B-938C-4D0B-9B48-1E516BE35BB5}
	EndGlobalSection
EndGlobal
